
Microsoft Visual Studio Solution File, Format Version 12.00
# Visual Studio Version 17
VisualStudioVersion = 17.13.35931.197
MinimumVisualStudioVersion = 10.0.40219.1
Project("{2150E333-8FDC-42A3-9474-1A3956D46DE8}") = "src", "src", "{02EA681E-C7D8-13C7-8484-4AC65E1B71E8}"
EndProject
Project("{2150E333-8FDC-42A3-9474-1A3956D46DE8}") = "services", "services", "{71197999-5B37-49FE-B7A8-03243C5F3CD0}"
EndProject
Project("{FAE04EC0-301F-11D3-BF4B-00C04F79EFBC}") = "Order", "src\services\Order\Order.csproj", "{D7283057-2044-45FB-8D4E-D90F2FD6373D}"
EndProject
Project("{FAE04EC0-301F-11D3-BF4B-00C04F79EFBC}") = "Payment", "src\services\Payment\Payment.csproj", "{50ED8AB1-FB6A-43BB-8F60-39C07FB56A55}"
EndProject
Project("{FAE04EC0-301F-11D3-BF4B-00C04F79EFBC}") = "Inventory", "src\services\Inventory\Inventory.csproj", "{54C13E9A-2D14-4AAC-BFB6-072A7219EB21}"
EndProject
Project("{FAE04EC0-301F-11D3-BF4B-00C04F79EFBC}") = "Search", "src\services\Search\Search.csproj", "{51B23EBA-0134-4DC6-814D-561B55B075AC}"
EndProject
Project("{FAE04EC0-301F-11D3-BF4B-00C04F79EFBC}") = "Recommendation", "src\services\Recommendation\Recommendation.csproj", "{61E4E00F-8A71-4F55-8262-25D944FAB24C}"
EndProject
Project("{FAE04EC0-301F-11D3-BF4B-00C04F79EFBC}") = "Shipping", "src\services\Shipping\Shipping.csproj", "{F1662DB1-3B39-47AC-AD9E-FD206895619A}"
EndProject
Project("{FAE04EC0-301F-11D3-BF4B-00C04F79EFBC}") = "Notification", "src\services\Notification\Notification.csproj", "{B39281EE-ECC8-4A90-B4E8-09C4BEC0CF05}"
EndProject
Project("{FAE04EC0-301F-11D3-BF4B-00C04F79EFBC}") = "Analytics", "src\services\Analytics\Analytics.csproj", "{E3B6CAB7-7D54-455F-B927-01E331709797}"
EndProject
Project("{FAE04EC0-301F-11D3-BF4B-00C04F79EFBC}") = "Review", "src\services\Review\Review.csproj", "{AAEE896A-3B29-47A7-B9F0-43FC7196C9D9}"
EndProject
Project("{FAE04EC0-301F-11D3-BF4B-00C04F79EFBC}") = "Marketing", "src\services\Marketing\Marketing.csproj", "{D7BA5D1E-7F16-42DE-ACE3-16CC287BD9B0}"
EndProject
Project("{FAE04EC0-301F-11D3-BF4B-00C04F79EFBC}") = "Vendor", "src\services\Vendor\Vendor.csproj", "{EF7D38DC-71B5-4C62-A22D-66C19FF83353}"
EndProject
Project("{FAE04EC0-301F-11D3-BF4B-00C04F79EFBC}") = "Content", "src\services\Content\Content.csproj", "{8FA79244-5C2A-4BCF-9C3E-F7EB4B0134B8}"
EndProject
Project("{FAE04EC0-301F-11D3-BF4B-00C04F79EFBC}") = "User", "src\services\UserApi\User.csproj", "{3F0D3F5A-D5A9-470F-BF0C-A7F1D4C597C8}"
EndProject
Project("{FAE04EC0-301F-11D3-BF4B-00C04F79EFBC}") = "CartApi", "src\services\CartApi\CartApi.csproj", "{DAAF0DD9-46B0-43A3-90E0-7C29F0DD702E}"
EndProject
Project("{FAE04EC0-301F-11D3-BF4B-00C04F79EFBC}") = "ProductApi", "src\services\ProductApi\ProductApi.csproj", "{E5C00FCF-29AF-4A1F-8327-2DB24DBCB2E2}"
EndProject
Project("{2150E333-8FDC-42A3-9474-1A3956D46DE8}") = "WebApps", "WebApps", "{25ED3E8C-7830-4DD0-A3A0-AAB672C98477}"
EndProject
Project("{2150E333-8FDC-42A3-9474-1A3956D46DE8}") = "ApiGateway", "ApiGateway", "{09EA2EB0-C7FB-4E5B-9C9F-67D8270A866A}"
EndProject
Project("{FAE04EC0-301F-11D3-BF4B-00C04F79EFBC}") = "ApiGateway", "src\ApiGateway\ApiGateway\ApiGateway.csproj", "{40C79018-3D31-4AA2-A3F0-A75989E4E62A}"
EndProject
Project("{FAE04EC0-301F-11D3-BF4B-00C04F79EFBC}") = "IdentityServer", "src\services\IdentityServer\IdentityServer.csproj", "{B6A83824-2793-4D90-9EBC-130C67A1B0FE}"
EndProject
Project("{2150E333-8FDC-42A3-9474-1A3956D46DE8}") = "BuildingBlocks", "BuildingBlocks", "{6068CE6C-6DD7-4E16-AE43-8D04C2990CD0}"
EndProject
Project("{FAE04EC0-301F-11D3-BF4B-00C04F79EFBC}") = "BuildingBlocks", "src\BuildingBlocks\BuildingBlocks\BuildingBlocks.csproj", "{76FEC3C8-B5B8-4259-B7F7-3A77CA2AB1AE}"
EndProject
Global
	GlobalSection(SolutionConfigurationPlatforms) = preSolution
		Debug|Any CPU = Debug|Any CPU
		Release|Any CPU = Release|Any CPU
	EndGlobalSection
	GlobalSection(ProjectConfigurationPlatforms) = postSolution
		{D7283057-2044-45FB-8D4E-D90F2FD6373D}.Debug|Any CPU.ActiveCfg = Debug|Any CPU
		{D7283057-2044-45FB-8D4E-D90F2FD6373D}.Debug|Any CPU.Build.0 = Debug|Any CPU
		{D7283057-2044-45FB-8D4E-D90F2FD6373D}.Release|Any CPU.ActiveCfg = Release|Any CPU
		{D7283057-2044-45FB-8D4E-D90F2FD6373D}.Release|Any CPU.Build.0 = Release|Any CPU
		{50ED8AB1-FB6A-43BB-8F60-39C07FB56A55}.Debug|Any CPU.ActiveCfg = Debug|Any CPU
		{50ED8AB1-FB6A-43BB-8F60-39C07FB56A55}.Debug|Any CPU.Build.0 = Debug|Any CPU
		{50ED8AB1-FB6A-43BB-8F60-39C07FB56A55}.Release|Any CPU.ActiveCfg = Release|Any CPU
		{50ED8AB1-FB6A-43BB-8F60-39C07FB56A55}.Release|Any CPU.Build.0 = Release|Any CPU
		{54C13E9A-2D14-4AAC-BFB6-072A7219EB21}.Debug|Any CPU.ActiveCfg = Debug|Any CPU
		{54C13E9A-2D14-4AAC-BFB6-072A7219EB21}.Debug|Any CPU.Build.0 = Debug|Any CPU
		{54C13E9A-2D14-4AAC-BFB6-072A7219EB21}.Release|Any CPU.ActiveCfg = Release|Any CPU
		{54C13E9A-2D14-4AAC-BFB6-072A7219EB21}.Release|Any CPU.Build.0 = Release|Any CPU
		{51B23EBA-0134-4DC6-814D-561B55B075AC}.Debug|Any CPU.ActiveCfg = Debug|Any CPU
		{51B23EBA-0134-4DC6-814D-561B55B075AC}.Debug|Any CPU.Build.0 = Debug|Any CPU
		{51B23EBA-0134-4DC6-814D-561B55B075AC}.Release|Any CPU.ActiveCfg = Release|Any CPU
		{51B23EBA-0134-4DC6-814D-561B55B075AC}.Release|Any CPU.Build.0 = Release|Any CPU
		{61E4E00F-8A71-4F55-8262-25D944FAB24C}.Debug|Any CPU.ActiveCfg = Debug|Any CPU
		{61E4E00F-8A71-4F55-8262-25D944FAB24C}.Debug|Any CPU.Build.0 = Debug|Any CPU
		{61E4E00F-8A71-4F55-8262-25D944FAB24C}.Release|Any CPU.ActiveCfg = Release|Any CPU
		{61E4E00F-8A71-4F55-8262-25D944FAB24C}.Release|Any CPU.Build.0 = Release|Any CPU
		{F1662DB1-3B39-47AC-AD9E-FD206895619A}.Debug|Any CPU.ActiveCfg = Debug|Any CPU
		{F1662DB1-3B39-47AC-AD9E-FD206895619A}.Debug|Any CPU.Build.0 = Debug|Any CPU
		{F1662DB1-3B39-47AC-AD9E-FD206895619A}.Release|Any CPU.ActiveCfg = Release|Any CPU
		{F1662DB1-3B39-47AC-AD9E-FD206895619A}.Release|Any CPU.Build.0 = Release|Any CPU
		{B39281EE-ECC8-4A90-B4E8-09C4BEC0CF05}.Debug|Any CPU.ActiveCfg = Debug|Any CPU
		{B39281EE-ECC8-4A90-B4E8-09C4BEC0CF05}.Debug|Any CPU.Build.0 = Debug|Any CPU
		{B39281EE-ECC8-4A90-B4E8-09C4BEC0CF05}.Release|Any CPU.ActiveCfg = Release|Any CPU
		{B39281EE-ECC8-4A90-B4E8-09C4BEC0CF05}.Release|Any CPU.Build.0 = Release|Any CPU
		{E3B6CAB7-7D54-455F-B927-01E331709797}.Debug|Any CPU.ActiveCfg = Debug|Any CPU
		{E3B6CAB7-7D54-455F-B927-01E331709797}.Debug|Any CPU.Build.0 = Debug|Any CPU
		{E3B6CAB7-7D54-455F-B927-01E331709797}.Release|Any CPU.ActiveCfg = Release|Any CPU
		{E3B6CAB7-7D54-455F-B927-01E331709797}.Release|Any CPU.Build.0 = Release|Any CPU
		{AAEE896A-3B29-47A7-B9F0-43FC7196C9D9}.Debug|Any CPU.ActiveCfg = Debug|Any CPU
		{AAEE896A-3B29-47A7-B9F0-43FC7196C9D9}.Debug|Any CPU.Build.0 = Debug|Any CPU
		{AAEE896A-3B29-47A7-B9F0-43FC7196C9D9}.Release|Any CPU.ActiveCfg = Release|Any CPU
		{AAEE896A-3B29-47A7-B9F0-43FC7196C9D9}.Release|Any CPU.Build.0 = Release|Any CPU
		{D7BA5D1E-7F16-42DE-ACE3-16CC287BD9B0}.Debug|Any CPU.ActiveCfg = Debug|Any CPU
		{D7BA5D1E-7F16-42DE-ACE3-16CC287BD9B0}.Debug|Any CPU.Build.0 = Debug|Any CPU
		{D7BA5D1E-7F16-42DE-ACE3-16CC287BD9B0}.Release|Any CPU.ActiveCfg = Release|Any CPU
		{D7BA5D1E-7F16-42DE-ACE3-16CC287BD9B0}.Release|Any CPU.Build.0 = Release|Any CPU
		{EF7D38DC-71B5-4C62-A22D-66C19FF83353}.Debug|Any CPU.ActiveCfg = Debug|Any CPU
		{EF7D38DC-71B5-4C62-A22D-66C19FF83353}.Debug|Any CPU.Build.0 = Debug|Any CPU
		{EF7D38DC-71B5-4C62-A22D-66C19FF83353}.Release|Any CPU.ActiveCfg = Release|Any CPU
		{EF7D38DC-71B5-4C62-A22D-66C19FF83353}.Release|Any CPU.Build.0 = Release|Any CPU
		{8FA79244-5C2A-4BCF-9C3E-F7EB4B0134B8}.Debug|Any CPU.ActiveCfg = Debug|Any CPU
		{8FA79244-5C2A-4BCF-9C3E-F7EB4B0134B8}.Debug|Any CPU.Build.0 = Debug|Any CPU
		{8FA79244-5C2A-4BCF-9C3E-F7EB4B0134B8}.Release|Any CPU.ActiveCfg = Release|Any CPU
		{8FA79244-5C2A-4BCF-9C3E-F7EB4B0134B8}.Release|Any CPU.Build.0 = Release|Any CPU
		{3F0D3F5A-D5A9-470F-BF0C-A7F1D4C597C8}.Debug|Any CPU.ActiveCfg = Debug|Any CPU
		{3F0D3F5A-D5A9-470F-BF0C-A7F1D4C597C8}.Debug|Any CPU.Build.0 = Debug|Any CPU
		{3F0D3F5A-D5A9-470F-BF0C-A7F1D4C597C8}.Release|Any CPU.ActiveCfg = Release|Any CPU
		{3F0D3F5A-D5A9-470F-BF0C-A7F1D4C597C8}.Release|Any CPU.Build.0 = Release|Any CPU
		{DAAF0DD9-46B0-43A3-90E0-7C29F0DD702E}.Debug|Any CPU.ActiveCfg = Debug|Any CPU
		{DAAF0DD9-46B0-43A3-90E0-7C29F0DD702E}.Debug|Any CPU.Build.0 = Debug|Any CPU
		{DAAF0DD9-46B0-43A3-90E0-7C29F0DD702E}.Release|Any CPU.ActiveCfg = Release|Any CPU
		{DAAF0DD9-46B0-43A3-90E0-7C29F0DD702E}.Release|Any CPU.Build.0 = Release|Any CPU
		{E5C00FCF-29AF-4A1F-8327-2DB24DBCB2E2}.Debug|Any CPU.ActiveCfg = Debug|Any CPU
		{E5C00FCF-29AF-4A1F-8327-2DB24DBCB2E2}.Debug|Any CPU.Build.0 = Debug|Any CPU
		{E5C00FCF-29AF-4A1F-8327-2DB24DBCB2E2}.Release|Any CPU.ActiveCfg = Release|Any CPU
		{E5C00FCF-29AF-4A1F-8327-2DB24DBCB2E2}.Release|Any CPU.Build.0 = Release|Any CPU
		{40C79018-3D31-4AA2-A3F0-A75989E4E62A}.Debug|Any CPU.ActiveCfg = Debug|Any CPU
		{40C79018-3D31-4AA2-A3F0-A75989E4E62A}.Debug|Any CPU.Build.0 = Debug|Any CPU
		{40C79018-3D31-4AA2-A3F0-A75989E4E62A}.Release|Any CPU.ActiveCfg = Release|Any CPU
		{40C79018-3D31-4AA2-A3F0-A75989E4E62A}.Release|Any CPU.Build.0 = Release|Any CPU
		{B6A83824-2793-4D90-9EBC-130C67A1B0FE}.Debug|Any CPU.ActiveCfg = Debug|Any CPU
		{B6A83824-2793-4D90-9EBC-130C67A1B0FE}.Debug|Any CPU.Build.0 = Debug|Any CPU
		{B6A83824-2793-4D90-9EBC-130C67A1B0FE}.Release|Any CPU.ActiveCfg = Release|Any CPU
		{B6A83824-2793-4D90-9EBC-130C67A1B0FE}.Release|Any CPU.Build.0 = Release|Any CPU
		{76FEC3C8-B5B8-4259-B7F7-3A77CA2AB1AE}.Debug|Any CPU.ActiveCfg = Debug|Any CPU
		{76FEC3C8-B5B8-4259-B7F7-3A77CA2AB1AE}.Debug|Any CPU.Build.0 = Debug|Any CPU
		{76FEC3C8-B5B8-4259-B7F7-3A77CA2AB1AE}.Release|Any CPU.ActiveCfg = Release|Any CPU
		{76FEC3C8-B5B8-4259-B7F7-3A77CA2AB1AE}.Release|Any CPU.Build.0 = Release|Any CPU
	EndGlobalSection
	GlobalSection(SolutionProperties) = preSolution
		HideSolutionNode = FALSE
	EndGlobalSection
	GlobalSection(NestedProjects) = preSolution
		{71197999-5B37-49FE-B7A8-03243C5F3CD0} = {02EA681E-C7D8-13C7-8484-4AC65E1B71E8}
		{D7283057-2044-45FB-8D4E-D90F2FD6373D} = {71197999-5B37-49FE-B7A8-03243C5F3CD0}
		{50ED8AB1-FB6A-43BB-8F60-39C07FB56A55} = {71197999-5B37-49FE-B7A8-03243C5F3CD0}
		{54C13E9A-2D14-4AAC-BFB6-072A7219EB21} = {71197999-5B37-49FE-B7A8-03243C5F3CD0}
		{51B23EBA-0134-4DC6-814D-561B55B075AC} = {71197999-5B37-49FE-B7A8-03243C5F3CD0}
		{61E4E00F-8A71-4F55-8262-25D944FAB24C} = {71197999-5B37-49FE-B7A8-03243C5F3CD0}
		{F1662DB1-3B39-47AC-AD9E-FD206895619A} = {71197999-5B37-49FE-B7A8-03243C5F3CD0}
		{B39281EE-ECC8-4A90-B4E8-09C4BEC0CF05} = {71197999-5B37-49FE-B7A8-03243C5F3CD0}
		{E3B6CAB7-7D54-455F-B927-01E331709797} = {71197999-5B37-49FE-B7A8-03243C5F3CD0}
		{AAEE896A-3B29-47A7-B9F0-43FC7196C9D9} = {71197999-5B37-49FE-B7A8-03243C5F3CD0}
		{D7BA5D1E-7F16-42DE-ACE3-16CC287BD9B0} = {71197999-5B37-49FE-B7A8-03243C5F3CD0}
		{EF7D38DC-71B5-4C62-A22D-66C19FF83353} = {71197999-5B37-49FE-B7A8-03243C5F3CD0}
		{8FA79244-5C2A-4BCF-9C3E-F7EB4B0134B8} = {71197999-5B37-49FE-B7A8-03243C5F3CD0}
		{3F0D3F5A-D5A9-470F-BF0C-A7F1D4C597C8} = {71197999-5B37-49FE-B7A8-03243C5F3CD0}
		{DAAF0DD9-46B0-43A3-90E0-7C29F0DD702E} = {71197999-5B37-49FE-B7A8-03243C5F3CD0}
		{E5C00FCF-29AF-4A1F-8327-2DB24DBCB2E2} = {71197999-5B37-49FE-B7A8-03243C5F3CD0}
		{25ED3E8C-7830-4DD0-A3A0-AAB672C98477} = {02EA681E-C7D8-13C7-8484-4AC65E1B71E8}
		{09EA2EB0-C7FB-4E5B-9C9F-67D8270A866A} = {02EA681E-C7D8-13C7-8484-4AC65E1B71E8}
		{40C79018-3D31-4AA2-A3F0-A75989E4E62A} = {09EA2EB0-C7FB-4E5B-9C9F-67D8270A866A}
		{B6A83824-2793-4D90-9EBC-130C67A1B0FE} = {71197999-5B37-49FE-B7A8-03243C5F3CD0}
		{6068CE6C-6DD7-4E16-AE43-8D04C2990CD0} = {02EA681E-C7D8-13C7-8484-4AC65E1B71E8}
		{76FEC3C8-B5B8-4259-B7F7-3A77CA2AB1AE} = {6068CE6C-6DD7-4E16-AE43-8D04C2990CD0}
	EndGlobalSection
	GlobalSection(ExtensibilityGlobals) = postSolution
		SolutionGuid = {1E3CADAD-8893-487A-B4F8-524108431A14}
	EndGlobalSection
EndGlobal
