
Microsoft Visual Studio Solution File, Format Version 12.00
# Visual Studio Version 17
VisualStudioVersion = 17.13.35931.197
MinimumVisualStudioVersion = 10.0.40219.1
Project("{2150E333-8FDC-42A3-9474-1A3956D46DE8}") = "src", "src", "{02EA681E-C7D8-13C7-8484-4AC65E1B71E8}"
EndProject
Project("{2150E333-8FDC-42A3-9474-1A3956D46DE8}") = "services", "services", "{71197999-5B37-49FE-B7A8-03243C5F3CD0}"
EndProject
Project("{FAE04EC0-301F-11D3-BF4B-00C04F79EFBC}") = "Payment", "src\services\Payment\Payment.csproj", "{50ED8AB1-FB6A-43BB-8F60-39C07FB56A55}"
EndProject
Project("{FAE04EC0-301F-11D3-BF4B-00C04F79EFBC}") = "Inventory", "src\services\Inventory\Inventory.csproj", "{54C13E9A-2D14-4AAC-BFB6-072A7219EB21}"
EndProject
Project("{FAE04EC0-301F-11D3-BF4B-00C04F79EFBC}") = "Search", "src\services\Search\Search.csproj", "{51B23EBA-0134-4DC6-814D-561B55B075AC}"
EndProject
Project("{FAE04EC0-301F-11D3-BF4B-00C04F79EFBC}") = "Recommendation", "src\services\Recommendation\Recommendation.csproj", "{61E4E00F-8A71-4F55-8262-25D944FAB24C}"
EndProject
Project("{FAE04EC0-301F-11D3-BF4B-00C04F79EFBC}") = "Shipping", "src\services\Shipping\Shipping.csproj", "{F1662DB1-3B39-47AC-AD9E-FD206895619A}"
EndProject
Project("{FAE04EC0-301F-11D3-BF4B-00C04F79EFBC}") = "Notification", "src\services\Notification\Notification.csproj", "{B39281EE-ECC8-4A90-B4E8-09C4BEC0CF05}"
EndProject
Project("{FAE04EC0-301F-11D3-BF4B-00C04F79EFBC}") = "Analytics", "src\services\Analytics\Analytics.csproj", "{E3B6CAB7-7D54-455F-B927-01E331709797}"
EndProject
Project("{FAE04EC0-301F-11D3-BF4B-00C04F79EFBC}") = "Review", "src\services\Review\Review.csproj", "{AAEE896A-3B29-47A7-B9F0-43FC7196C9D9}"
EndProject
Project("{FAE04EC0-301F-11D3-BF4B-00C04F79EFBC}") = "Marketing", "src\services\Marketing\Marketing.csproj", "{D7BA5D1E-7F16-42DE-ACE3-16CC287BD9B0}"
EndProject
Project("{FAE04EC0-301F-11D3-BF4B-00C04F79EFBC}") = "Vendor", "src\services\Vendor\Vendor.csproj", "{EF7D38DC-71B5-4C62-A22D-66C19FF83353}"
EndProject
Project("{FAE04EC0-301F-11D3-BF4B-00C04F79EFBC}") = "Content", "src\services\Content\Content.csproj", "{8FA79244-5C2A-4BCF-9C3E-F7EB4B0134B8}"
EndProject
Project("{FAE04EC0-301F-11D3-BF4B-00C04F79EFBC}") = "User", "src\services\UserApi\User.csproj", "{3F0D3F5A-D5A9-470F-BF0C-A7F1D4C597C8}"
EndProject
Project("{FAE04EC0-301F-11D3-BF4B-00C04F79EFBC}") = "CartApi", "src\services\CartApi\CartApi.csproj", "{DAAF0DD9-46B0-43A3-90E0-7C29F0DD702E}"
EndProject
Project("{FAE04EC0-301F-11D3-BF4B-00C04F79EFBC}") = "ProductApi", "src\services\ProductApi\ProductApi.csproj", "{E5C00FCF-29AF-4A1F-8327-2DB24DBCB2E2}"
EndProject
Project("{2150E333-8FDC-42A3-9474-1A3956D46DE8}") = "WebApps", "WebApps", "{25ED3E8C-7830-4DD0-A3A0-AAB672C98477}"
EndProject
Project("{2150E333-8FDC-42A3-9474-1A3956D46DE8}") = "ApiGateway", "ApiGateway", "{09EA2EB0-C7FB-4E5B-9C9F-67D8270A866A}"
EndProject
Project("{FAE04EC0-301F-11D3-BF4B-00C04F79EFBC}") = "ApiGateway", "src\ApiGateway\ApiGateway\ApiGateway.csproj", "{40C79018-3D31-4AA2-A3F0-A75989E4E62A}"
EndProject
Project("{FAE04EC0-301F-11D3-BF4B-00C04F79EFBC}") = "IdentityServer", "src\services\IdentityServer\IdentityServer.csproj", "{B6A83824-2793-4D90-9EBC-130C67A1B0FE}"
EndProject
Project("{2150E333-8FDC-42A3-9474-1A3956D46DE8}") = "BuildingBlocks", "BuildingBlocks", "{6068CE6C-6DD7-4E16-AE43-8D04C2990CD0}"
EndProject
Project("{FAE04EC0-301F-11D3-BF4B-00C04F79EFBC}") = "BuildingBlocks", "src\BuildingBlocks\BuildingBlocks\BuildingBlocks.csproj", "{76FEC3C8-B5B8-4259-B7F7-3A77CA2AB1AE}"
EndProject
Project("{FAE04EC0-301F-11D3-BF4B-00C04F79EFBC}") = "OrderApi", "src\services\OrderApi\OrderApi.csproj", "{A4F3C652-E536-45FB-AF42-7C4DBD7EB5AC}"
EndProject
Project("{2150E333-8FDC-42A3-9474-1A3956D46DE8}") = "order", "order", "{0385CAE7-45D5-41E4-9A39-35E5C2F3E253}"
EndProject
Project("{FAE04EC0-301F-11D3-BF4B-00C04F79EFBC}") = "OrderService.API", "src\services\order\OrderService.API\OrderService.API.csproj", "{EA4DC95C-22F8-42D7-8E1B-7E2905BA9EEA}"
EndProject
Project("{FAE04EC0-301F-11D3-BF4B-00C04F79EFBC}") = "OrderService.Core", "src\services\order\OrderService.Core\OrderService.Core.csproj", "{5C0A9A9F-E436-42E4-87D7-3DC77B385529}"
EndProject
Project("{FAE04EC0-301F-11D3-BF4B-00C04F79EFBC}") = "OrderService.Infrastructure", "src\services\order\OrderService.Infrastructure\OrderService.Infrastructure.csproj", "{B9B7775F-5C2E-4F47-8F7E-D39A9C0CE7EA}"
EndProject
Project("{FAE04EC0-301F-11D3-BF4B-00C04F79EFBC}") = "OrderService.Application", "src\services\order\OrderService.Application\OrderService.Application.csproj", "{ED550E1F-7082-424B-B415-79FED04D1626}"
EndProject
Project("{FAE04EC0-301F-11D3-BF4B-00C04F79EFBC}") = "OrderService.Shared", "src\services\order\OrderService.Shared\OrderService.Shared.csproj", "{1D35076A-7357-485B-B037-BF2A1E861136}"
EndProject
Project("{2150E333-8FDC-42A3-9474-1A3956D46DE8}") = "tests", "tests", "{88811AFD-2D96-4A8F-89F6-3C006829213D}"
EndProject
Project("{2150E333-8FDC-42A3-9474-1A3956D46DE8}") = "UnitTests", "UnitTests", "{90A99AB4-5086-4BDB-9E74-A50163AD04DF}"
EndProject
Project("{2150E333-8FDC-42A3-9474-1A3956D46DE8}") = "IntegrationTests", "IntegrationTests", "{BD4BAF7E-8019-4BD4-85A8-3989D2F4E7A8}"
EndProject
Project("{2150E333-8FDC-42A3-9474-1A3956D46DE8}") = "WorkflowTests", "WorkflowTests", "{75939AB8-340D-4485-95B8-887EB992B220}"
EndProject
Project("{2150E333-8FDC-42A3-9474-1A3956D46DE8}") = "product", "product", "{C750D705-B61F-4ED3-9CDA-18D897998D8D}"
EndProject
Project("{2150E333-8FDC-42A3-9474-1A3956D46DE8}") = "not-compelet", "not-compelet", "{6492694C-F79E-47DB-8E0E-0F0185F548CF}"
EndProject
Global
	GlobalSection(SolutionConfigurationPlatforms) = preSolution
		Debug|Any CPU = Debug|Any CPU
		Release|Any CPU = Release|Any CPU
	EndGlobalSection
	GlobalSection(ProjectConfigurationPlatforms) = postSolution
		{50ED8AB1-FB6A-43BB-8F60-39C07FB56A55}.Debug|Any CPU.ActiveCfg = Debug|Any CPU
		{50ED8AB1-FB6A-43BB-8F60-39C07FB56A55}.Debug|Any CPU.Build.0 = Debug|Any CPU
		{50ED8AB1-FB6A-43BB-8F60-39C07FB56A55}.Release|Any CPU.ActiveCfg = Release|Any CPU
		{50ED8AB1-FB6A-43BB-8F60-39C07FB56A55}.Release|Any CPU.Build.0 = Release|Any CPU
		{54C13E9A-2D14-4AAC-BFB6-072A7219EB21}.Debug|Any CPU.ActiveCfg = Debug|Any CPU
		{54C13E9A-2D14-4AAC-BFB6-072A7219EB21}.Debug|Any CPU.Build.0 = Debug|Any CPU
		{54C13E9A-2D14-4AAC-BFB6-072A7219EB21}.Release|Any CPU.ActiveCfg = Release|Any CPU
		{54C13E9A-2D14-4AAC-BFB6-072A7219EB21}.Release|Any CPU.Build.0 = Release|Any CPU
		{51B23EBA-0134-4DC6-814D-561B55B075AC}.Debug|Any CPU.ActiveCfg = Debug|Any CPU
		{51B23EBA-0134-4DC6-814D-561B55B075AC}.Debug|Any CPU.Build.0 = Debug|Any CPU
		{51B23EBA-0134-4DC6-814D-561B55B075AC}.Release|Any CPU.ActiveCfg = Release|Any CPU
		{51B23EBA-0134-4DC6-814D-561B55B075AC}.Release|Any CPU.Build.0 = Release|Any CPU
		{61E4E00F-8A71-4F55-8262-25D944FAB24C}.Debug|Any CPU.ActiveCfg = Debug|Any CPU
		{61E4E00F-8A71-4F55-8262-25D944FAB24C}.Debug|Any CPU.Build.0 = Debug|Any CPU
		{61E4E00F-8A71-4F55-8262-25D944FAB24C}.Release|Any CPU.ActiveCfg = Release|Any CPU
		{61E4E00F-8A71-4F55-8262-25D944FAB24C}.Release|Any CPU.Build.0 = Release|Any CPU
		{F1662DB1-3B39-47AC-AD9E-FD206895619A}.Debug|Any CPU.ActiveCfg = Debug|Any CPU
		{F1662DB1-3B39-47AC-AD9E-FD206895619A}.Debug|Any CPU.Build.0 = Debug|Any CPU
		{F1662DB1-3B39-47AC-AD9E-FD206895619A}.Release|Any CPU.ActiveCfg = Release|Any CPU
		{F1662DB1-3B39-47AC-AD9E-FD206895619A}.Release|Any CPU.Build.0 = Release|Any CPU
		{B39281EE-ECC8-4A90-B4E8-09C4BEC0CF05}.Debug|Any CPU.ActiveCfg = Debug|Any CPU
		{B39281EE-ECC8-4A90-B4E8-09C4BEC0CF05}.Debug|Any CPU.Build.0 = Debug|Any CPU
		{B39281EE-ECC8-4A90-B4E8-09C4BEC0CF05}.Release|Any CPU.ActiveCfg = Release|Any CPU
		{B39281EE-ECC8-4A90-B4E8-09C4BEC0CF05}.Release|Any CPU.Build.0 = Release|Any CPU
		{E3B6CAB7-7D54-455F-B927-01E331709797}.Debug|Any CPU.ActiveCfg = Debug|Any CPU
		{E3B6CAB7-7D54-455F-B927-01E331709797}.Debug|Any CPU.Build.0 = Debug|Any CPU
		{E3B6CAB7-7D54-455F-B927-01E331709797}.Release|Any CPU.ActiveCfg = Release|Any CPU
		{E3B6CAB7-7D54-455F-B927-01E331709797}.Release|Any CPU.Build.0 = Release|Any CPU
		{AAEE896A-3B29-47A7-B9F0-43FC7196C9D9}.Debug|Any CPU.ActiveCfg = Debug|Any CPU
		{AAEE896A-3B29-47A7-B9F0-43FC7196C9D9}.Debug|Any CPU.Build.0 = Debug|Any CPU
		{AAEE896A-3B29-47A7-B9F0-43FC7196C9D9}.Release|Any CPU.ActiveCfg = Release|Any CPU
		{AAEE896A-3B29-47A7-B9F0-43FC7196C9D9}.Release|Any CPU.Build.0 = Release|Any CPU
		{D7BA5D1E-7F16-42DE-ACE3-16CC287BD9B0}.Debug|Any CPU.ActiveCfg = Debug|Any CPU
		{D7BA5D1E-7F16-42DE-ACE3-16CC287BD9B0}.Debug|Any CPU.Build.0 = Debug|Any CPU
		{D7BA5D1E-7F16-42DE-ACE3-16CC287BD9B0}.Release|Any CPU.ActiveCfg = Release|Any CPU
		{D7BA5D1E-7F16-42DE-ACE3-16CC287BD9B0}.Release|Any CPU.Build.0 = Release|Any CPU
		{EF7D38DC-71B5-4C62-A22D-66C19FF83353}.Debug|Any CPU.ActiveCfg = Debug|Any CPU
		{EF7D38DC-71B5-4C62-A22D-66C19FF83353}.Debug|Any CPU.Build.0 = Debug|Any CPU
		{EF7D38DC-71B5-4C62-A22D-66C19FF83353}.Release|Any CPU.ActiveCfg = Release|Any CPU
		{EF7D38DC-71B5-4C62-A22D-66C19FF83353}.Release|Any CPU.Build.0 = Release|Any CPU
		{8FA79244-5C2A-4BCF-9C3E-F7EB4B0134B8}.Debug|Any CPU.ActiveCfg = Debug|Any CPU
		{8FA79244-5C2A-4BCF-9C3E-F7EB4B0134B8}.Debug|Any CPU.Build.0 = Debug|Any CPU
		{8FA79244-5C2A-4BCF-9C3E-F7EB4B0134B8}.Release|Any CPU.ActiveCfg = Release|Any CPU
		{8FA79244-5C2A-4BCF-9C3E-F7EB4B0134B8}.Release|Any CPU.Build.0 = Release|Any CPU
		{3F0D3F5A-D5A9-470F-BF0C-A7F1D4C597C8}.Debug|Any CPU.ActiveCfg = Debug|Any CPU
		{3F0D3F5A-D5A9-470F-BF0C-A7F1D4C597C8}.Debug|Any CPU.Build.0 = Debug|Any CPU
		{3F0D3F5A-D5A9-470F-BF0C-A7F1D4C597C8}.Release|Any CPU.ActiveCfg = Release|Any CPU
		{3F0D3F5A-D5A9-470F-BF0C-A7F1D4C597C8}.Release|Any CPU.Build.0 = Release|Any CPU
		{DAAF0DD9-46B0-43A3-90E0-7C29F0DD702E}.Debug|Any CPU.ActiveCfg = Debug|Any CPU
		{DAAF0DD9-46B0-43A3-90E0-7C29F0DD702E}.Debug|Any CPU.Build.0 = Debug|Any CPU
		{DAAF0DD9-46B0-43A3-90E0-7C29F0DD702E}.Release|Any CPU.ActiveCfg = Release|Any CPU
		{DAAF0DD9-46B0-43A3-90E0-7C29F0DD702E}.Release|Any CPU.Build.0 = Release|Any CPU
		{E5C00FCF-29AF-4A1F-8327-2DB24DBCB2E2}.Debug|Any CPU.ActiveCfg = Debug|Any CPU
		{E5C00FCF-29AF-4A1F-8327-2DB24DBCB2E2}.Debug|Any CPU.Build.0 = Debug|Any CPU
		{E5C00FCF-29AF-4A1F-8327-2DB24DBCB2E2}.Release|Any CPU.ActiveCfg = Release|Any CPU
		{E5C00FCF-29AF-4A1F-8327-2DB24DBCB2E2}.Release|Any CPU.Build.0 = Release|Any CPU
		{40C79018-3D31-4AA2-A3F0-A75989E4E62A}.Debug|Any CPU.ActiveCfg = Debug|Any CPU
		{40C79018-3D31-4AA2-A3F0-A75989E4E62A}.Debug|Any CPU.Build.0 = Debug|Any CPU
		{40C79018-3D31-4AA2-A3F0-A75989E4E62A}.Release|Any CPU.ActiveCfg = Release|Any CPU
		{40C79018-3D31-4AA2-A3F0-A75989E4E62A}.Release|Any CPU.Build.0 = Release|Any CPU
		{B6A83824-2793-4D90-9EBC-130C67A1B0FE}.Debug|Any CPU.ActiveCfg = Debug|Any CPU
		{B6A83824-2793-4D90-9EBC-130C67A1B0FE}.Debug|Any CPU.Build.0 = Debug|Any CPU
		{B6A83824-2793-4D90-9EBC-130C67A1B0FE}.Release|Any CPU.ActiveCfg = Release|Any CPU
		{B6A83824-2793-4D90-9EBC-130C67A1B0FE}.Release|Any CPU.Build.0 = Release|Any CPU
		{76FEC3C8-B5B8-4259-B7F7-3A77CA2AB1AE}.Debug|Any CPU.ActiveCfg = Debug|Any CPU
		{76FEC3C8-B5B8-4259-B7F7-3A77CA2AB1AE}.Debug|Any CPU.Build.0 = Debug|Any CPU
		{76FEC3C8-B5B8-4259-B7F7-3A77CA2AB1AE}.Release|Any CPU.ActiveCfg = Release|Any CPU
		{76FEC3C8-B5B8-4259-B7F7-3A77CA2AB1AE}.Release|Any CPU.Build.0 = Release|Any CPU
		{A4F3C652-E536-45FB-AF42-7C4DBD7EB5AC}.Debug|Any CPU.ActiveCfg = Debug|Any CPU
		{A4F3C652-E536-45FB-AF42-7C4DBD7EB5AC}.Debug|Any CPU.Build.0 = Debug|Any CPU
		{A4F3C652-E536-45FB-AF42-7C4DBD7EB5AC}.Release|Any CPU.ActiveCfg = Release|Any CPU
		{A4F3C652-E536-45FB-AF42-7C4DBD7EB5AC}.Release|Any CPU.Build.0 = Release|Any CPU
		{EA4DC95C-22F8-42D7-8E1B-7E2905BA9EEA}.Debug|Any CPU.ActiveCfg = Debug|Any CPU
		{EA4DC95C-22F8-42D7-8E1B-7E2905BA9EEA}.Debug|Any CPU.Build.0 = Debug|Any CPU
		{EA4DC95C-22F8-42D7-8E1B-7E2905BA9EEA}.Release|Any CPU.ActiveCfg = Release|Any CPU
		{EA4DC95C-22F8-42D7-8E1B-7E2905BA9EEA}.Release|Any CPU.Build.0 = Release|Any CPU
		{5C0A9A9F-E436-42E4-87D7-3DC77B385529}.Debug|Any CPU.ActiveCfg = Debug|Any CPU
		{5C0A9A9F-E436-42E4-87D7-3DC77B385529}.Debug|Any CPU.Build.0 = Debug|Any CPU
		{5C0A9A9F-E436-42E4-87D7-3DC77B385529}.Release|Any CPU.ActiveCfg = Release|Any CPU
		{5C0A9A9F-E436-42E4-87D7-3DC77B385529}.Release|Any CPU.Build.0 = Release|Any CPU
		{B9B7775F-5C2E-4F47-8F7E-D39A9C0CE7EA}.Debug|Any CPU.ActiveCfg = Debug|Any CPU
		{B9B7775F-5C2E-4F47-8F7E-D39A9C0CE7EA}.Debug|Any CPU.Build.0 = Debug|Any CPU
		{B9B7775F-5C2E-4F47-8F7E-D39A9C0CE7EA}.Release|Any CPU.ActiveCfg = Release|Any CPU
		{B9B7775F-5C2E-4F47-8F7E-D39A9C0CE7EA}.Release|Any CPU.Build.0 = Release|Any CPU
		{ED550E1F-7082-424B-B415-79FED04D1626}.Debug|Any CPU.ActiveCfg = Debug|Any CPU
		{ED550E1F-7082-424B-B415-79FED04D1626}.Debug|Any CPU.Build.0 = Debug|Any CPU
		{ED550E1F-7082-424B-B415-79FED04D1626}.Release|Any CPU.ActiveCfg = Release|Any CPU
		{ED550E1F-7082-424B-B415-79FED04D1626}.Release|Any CPU.Build.0 = Release|Any CPU
		{1D35076A-7357-485B-B037-BF2A1E861136}.Debug|Any CPU.ActiveCfg = Debug|Any CPU
		{1D35076A-7357-485B-B037-BF2A1E861136}.Debug|Any CPU.Build.0 = Debug|Any CPU
		{1D35076A-7357-485B-B037-BF2A1E861136}.Release|Any CPU.ActiveCfg = Release|Any CPU
		{1D35076A-7357-485B-B037-BF2A1E861136}.Release|Any CPU.Build.0 = Release|Any CPU
	EndGlobalSection
	GlobalSection(SolutionProperties) = preSolution
		HideSolutionNode = FALSE
	EndGlobalSection
	GlobalSection(NestedProjects) = preSolution
		{71197999-5B37-49FE-B7A8-03243C5F3CD0} = {02EA681E-C7D8-13C7-8484-4AC65E1B71E8}
		{50ED8AB1-FB6A-43BB-8F60-39C07FB56A55} = {6492694C-F79E-47DB-8E0E-0F0185F548CF}
		{54C13E9A-2D14-4AAC-BFB6-072A7219EB21} = {6492694C-F79E-47DB-8E0E-0F0185F548CF}
		{51B23EBA-0134-4DC6-814D-561B55B075AC} = {6492694C-F79E-47DB-8E0E-0F0185F548CF}
		{61E4E00F-8A71-4F55-8262-25D944FAB24C} = {6492694C-F79E-47DB-8E0E-0F0185F548CF}
		{F1662DB1-3B39-47AC-AD9E-FD206895619A} = {6492694C-F79E-47DB-8E0E-0F0185F548CF}
		{B39281EE-ECC8-4A90-B4E8-09C4BEC0CF05} = {6492694C-F79E-47DB-8E0E-0F0185F548CF}
		{E3B6CAB7-7D54-455F-B927-01E331709797} = {6492694C-F79E-47DB-8E0E-0F0185F548CF}
		{AAEE896A-3B29-47A7-B9F0-43FC7196C9D9} = {6492694C-F79E-47DB-8E0E-0F0185F548CF}
		{D7BA5D1E-7F16-42DE-ACE3-16CC287BD9B0} = {6492694C-F79E-47DB-8E0E-0F0185F548CF}
		{EF7D38DC-71B5-4C62-A22D-66C19FF83353} = {6492694C-F79E-47DB-8E0E-0F0185F548CF}
		{8FA79244-5C2A-4BCF-9C3E-F7EB4B0134B8} = {6492694C-F79E-47DB-8E0E-0F0185F548CF}
		{3F0D3F5A-D5A9-470F-BF0C-A7F1D4C597C8} = {6492694C-F79E-47DB-8E0E-0F0185F548CF}
		{DAAF0DD9-46B0-43A3-90E0-7C29F0DD702E} = {6492694C-F79E-47DB-8E0E-0F0185F548CF}
		{E5C00FCF-29AF-4A1F-8327-2DB24DBCB2E2} = {C750D705-B61F-4ED3-9CDA-18D897998D8D}
		{25ED3E8C-7830-4DD0-A3A0-AAB672C98477} = {02EA681E-C7D8-13C7-8484-4AC65E1B71E8}
		{09EA2EB0-C7FB-4E5B-9C9F-67D8270A866A} = {02EA681E-C7D8-13C7-8484-4AC65E1B71E8}
		{40C79018-3D31-4AA2-A3F0-A75989E4E62A} = {09EA2EB0-C7FB-4E5B-9C9F-67D8270A866A}
		{B6A83824-2793-4D90-9EBC-130C67A1B0FE} = {6492694C-F79E-47DB-8E0E-0F0185F548CF}
		{6068CE6C-6DD7-4E16-AE43-8D04C2990CD0} = {02EA681E-C7D8-13C7-8484-4AC65E1B71E8}
		{76FEC3C8-B5B8-4259-B7F7-3A77CA2AB1AE} = {6068CE6C-6DD7-4E16-AE43-8D04C2990CD0}
		{A4F3C652-E536-45FB-AF42-7C4DBD7EB5AC} = {6492694C-F79E-47DB-8E0E-0F0185F548CF}
		{0385CAE7-45D5-41E4-9A39-35E5C2F3E253} = {71197999-5B37-49FE-B7A8-03243C5F3CD0}
		{EA4DC95C-22F8-42D7-8E1B-7E2905BA9EEA} = {0385CAE7-45D5-41E4-9A39-35E5C2F3E253}
		{5C0A9A9F-E436-42E4-87D7-3DC77B385529} = {0385CAE7-45D5-41E4-9A39-35E5C2F3E253}
		{B9B7775F-5C2E-4F47-8F7E-D39A9C0CE7EA} = {0385CAE7-45D5-41E4-9A39-35E5C2F3E253}
		{ED550E1F-7082-424B-B415-79FED04D1626} = {0385CAE7-45D5-41E4-9A39-35E5C2F3E253}
		{1D35076A-7357-485B-B037-BF2A1E861136} = {0385CAE7-45D5-41E4-9A39-35E5C2F3E253}
		{88811AFD-2D96-4A8F-89F6-3C006829213D} = {0385CAE7-45D5-41E4-9A39-35E5C2F3E253}
		{90A99AB4-5086-4BDB-9E74-A50163AD04DF} = {88811AFD-2D96-4A8F-89F6-3C006829213D}
		{BD4BAF7E-8019-4BD4-85A8-3989D2F4E7A8} = {88811AFD-2D96-4A8F-89F6-3C006829213D}
		{75939AB8-340D-4485-95B8-887EB992B220} = {88811AFD-2D96-4A8F-89F6-3C006829213D}
		{C750D705-B61F-4ED3-9CDA-18D897998D8D} = {71197999-5B37-49FE-B7A8-03243C5F3CD0}
		{6492694C-F79E-47DB-8E0E-0F0185F548CF} = {71197999-5B37-49FE-B7A8-03243C5F3CD0}
	EndGlobalSection
	GlobalSection(ExtensibilityGlobals) = postSolution
		SolutionGuid = {1E3CADAD-8893-487A-B4F8-524108431A14}
	EndGlobalSection
EndGlobal
