Microsoft Visual Studio Solution File, Format Version 12.00
# Visual Studio Version 17
VisualStudioVersion = 17.5.2.0
MinimumVisualStudioVersion = 10.0.40219.1
Project("{FAE04EC0-301F-11D3-BF4B-00C04F79EFBC}") = "DiscountService.API", "DiscountService.API\DiscountService.API.csproj", "{28CB11FA-8195-35AF-64C4-6268DC333C8B}"
EndProject
Project("{FAE04EC0-301F-11D3-BF4B-00C04F79EFBC}") = "DiscountService.Application", "DiscountService.Application\DiscountService.Application.csproj", "{EF14EDA3-13A8-4F00-E0E8-62DE17EF33BE}"
EndProject
Project("{FAE04EC0-301F-11D3-BF4B-00C04F79EFBC}") = "DiscountService.Domain", "DiscountService.Domain\DiscountService.Domain.csproj", "{4165C467-F888-805E-E39B-DA7B26D9A644}"
EndProject
Project("{FAE04EC0-301F-11D3-BF4B-00C04F79EFBC}") = "DiscountService.Infrastructure", "DiscountService.Infrastructure\DiscountService.Infrastructure.csproj", "{F73FD998-441A-DF7D-70E1-42B64C221DA5}"
EndProject
Global
	GlobalSection(SolutionConfigurationPlatforms) = preSolution
		Debug|Any CPU = Debug|Any CPU
		Release|Any CPU = Release|Any CPU
	EndGlobalSection
	GlobalSection(ProjectConfigurationPlatforms) = postSolution
		{28CB11FA-8195-35AF-64C4-6268DC333C8B}.Debug|Any CPU.ActiveCfg = Debug|Any CPU
		{28CB11FA-8195-35AF-64C4-6268DC333C8B}.Debug|Any CPU.Build.0 = Debug|Any CPU
		{28CB11FA-8195-35AF-64C4-6268DC333C8B}.Release|Any CPU.ActiveCfg = Release|Any CPU
		{28CB11FA-8195-35AF-64C4-6268DC333C8B}.Release|Any CPU.Build.0 = Release|Any CPU
		{EF14EDA3-13A8-4F00-E0E8-62DE17EF33BE}.Debug|Any CPU.ActiveCfg = Debug|Any CPU
		{EF14EDA3-13A8-4F00-E0E8-62DE17EF33BE}.Debug|Any CPU.Build.0 = Debug|Any CPU
		{EF14EDA3-13A8-4F00-E0E8-62DE17EF33BE}.Release|Any CPU.ActiveCfg = Release|Any CPU
		{EF14EDA3-13A8-4F00-E0E8-62DE17EF33BE}.Release|Any CPU.Build.0 = Release|Any CPU
		{4165C467-F888-805E-E39B-DA7B26D9A644}.Debug|Any CPU.ActiveCfg = Debug|Any CPU
		{4165C467-F888-805E-E39B-DA7B26D9A644}.Debug|Any CPU.Build.0 = Debug|Any CPU
		{4165C467-F888-805E-E39B-DA7B26D9A644}.Release|Any CPU.ActiveCfg = Release|Any CPU
		{4165C467-F888-805E-E39B-DA7B26D9A644}.Release|Any CPU.Build.0 = Release|Any CPU
		{F73FD998-441A-DF7D-70E1-42B64C221DA5}.Debug|Any CPU.ActiveCfg = Debug|Any CPU
		{F73FD998-441A-DF7D-70E1-42B64C221DA5}.Debug|Any CPU.Build.0 = Debug|Any CPU
		{F73FD998-441A-DF7D-70E1-42B64C221DA5}.Release|Any CPU.ActiveCfg = Release|Any CPU
		{F73FD998-441A-DF7D-70E1-42B64C221DA5}.Release|Any CPU.Build.0 = Release|Any CPU
	EndGlobalSection
	GlobalSection(SolutionProperties) = preSolution
		HideSolutionNode = FALSE
	EndGlobalSection
	GlobalSection(ExtensibilityGlobals) = postSolution
		SolutionGuid = {E1359D20-82CD-4F1C-903B-46F4E15E0616}
	EndGlobalSection
EndGlobal
