Microsoft Visual Studio Solution File, Format Version 12.00
# Visual Studio Version 17
VisualStudioVersion = 17.5.2.0
MinimumVisualStudioVersion = 10.0.40219.1
Project("{FAE04EC0-301F-11D3-BF4B-00C04F79EFBC}") = "Marketing", "Marketing.csproj", "{F02A4672-8768-87F6-9C4E-6739957CBC8E}"
EndProject
Global
	GlobalSection(SolutionConfigurationPlatforms) = preSolution
		Debug|Any CPU = Debug|Any CPU
		Release|Any CPU = Release|Any CPU
	EndGlobalSection
	GlobalSection(ProjectConfigurationPlatforms) = postSolution
		{F02A4672-8768-87F6-9C4E-6739957CBC8E}.Debug|Any CPU.ActiveCfg = Debug|Any CPU
		{F02A4672-8768-87F6-9C4E-6739957CBC8E}.Debug|Any CPU.Build.0 = Debug|Any CPU
		{F02A4672-8768-87F6-9C4E-6739957CBC8E}.Release|Any CPU.ActiveCfg = Release|Any CPU
		{F02A4672-8768-87F6-9C4E-6739957CBC8E}.Release|Any CPU.Build.0 = Release|Any CPU
	EndGlobalSection
	GlobalSection(SolutionProperties) = preSolution
		HideSolutionNode = FALSE
	EndGlobalSection
	GlobalSection(ExtensibilityGlobals) = postSolution
		SolutionGuid = {AF02508B-E6E6-419F-B038-E8E824871C76}
	EndGlobalSection
EndGlobal
