Microsoft Visual Studio Solution File, Format Version 12.00
# Visual Studio Version 17
VisualStudioVersion = 17.5.2.0
MinimumVisualStudioVersion = 10.0.40219.1
Project("{FAE04EC0-301F-11D3-BF4B-00C04F79EFBC}") = "CartService.Domain", "Cart.Domain\CartService.Domain.csproj", "{94AD892A-52F1-250A-2A15-EEAE4DE54505}"
EndProject
Project("{FAE04EC0-301F-11D3-BF4B-00C04F79EFBC}") = "CartService.API", "CartService.API\CartService.API.csproj", "{CA51E806-BABE-9D22-0DC3-A18E251F977C}"
EndProject
Project("{FAE04EC0-301F-11D3-BF4B-00C04F79EFBC}") = "CartService.Application", "CartService.Application\CartService.Application.csproj", "{1E2286CF-95AE-EF4D-3BD1-A173AB216F70}"
EndProject
Project("{FAE04EC0-301F-11D3-BF4B-00C04F79EFBC}") = "CartService.Infrastructure", "CartService.Infrastructure\CartService.Infrastructure.csproj", "{4BB1DC90-A6D6-3229-1FAC-879621871C0B}"
EndProject
Global
	GlobalSection(SolutionConfigurationPlatforms) = preSolution
		Debug|Any CPU = Debug|Any CPU
		Release|Any CPU = Release|Any CPU
	EndGlobalSection
	GlobalSection(ProjectConfigurationPlatforms) = postSolution
		{94AD892A-52F1-250A-2A15-EEAE4DE54505}.Debug|Any CPU.ActiveCfg = Debug|Any CPU
		{94AD892A-52F1-250A-2A15-EEAE4DE54505}.Debug|Any CPU.Build.0 = Debug|Any CPU
		{94AD892A-52F1-250A-2A15-EEAE4DE54505}.Release|Any CPU.ActiveCfg = Release|Any CPU
		{94AD892A-52F1-250A-2A15-EEAE4DE54505}.Release|Any CPU.Build.0 = Release|Any CPU
		{CA51E806-BABE-9D22-0DC3-A18E251F977C}.Debug|Any CPU.ActiveCfg = Debug|Any CPU
		{CA51E806-BABE-9D22-0DC3-A18E251F977C}.Debug|Any CPU.Build.0 = Debug|Any CPU
		{CA51E806-BABE-9D22-0DC3-A18E251F977C}.Release|Any CPU.ActiveCfg = Release|Any CPU
		{CA51E806-BABE-9D22-0DC3-A18E251F977C}.Release|Any CPU.Build.0 = Release|Any CPU
		{1E2286CF-95AE-EF4D-3BD1-A173AB216F70}.Debug|Any CPU.ActiveCfg = Debug|Any CPU
		{1E2286CF-95AE-EF4D-3BD1-A173AB216F70}.Debug|Any CPU.Build.0 = Debug|Any CPU
		{1E2286CF-95AE-EF4D-3BD1-A173AB216F70}.Release|Any CPU.ActiveCfg = Release|Any CPU
		{1E2286CF-95AE-EF4D-3BD1-A173AB216F70}.Release|Any CPU.Build.0 = Release|Any CPU
		{4BB1DC90-A6D6-3229-1FAC-879621871C0B}.Debug|Any CPU.ActiveCfg = Debug|Any CPU
		{4BB1DC90-A6D6-3229-1FAC-879621871C0B}.Debug|Any CPU.Build.0 = Debug|Any CPU
		{4BB1DC90-A6D6-3229-1FAC-879621871C0B}.Release|Any CPU.ActiveCfg = Release|Any CPU
		{4BB1DC90-A6D6-3229-1FAC-879621871C0B}.Release|Any CPU.Build.0 = Release|Any CPU
	EndGlobalSection
	GlobalSection(SolutionProperties) = preSolution
		HideSolutionNode = FALSE
	EndGlobalSection
	GlobalSection(ExtensibilityGlobals) = postSolution
		SolutionGuid = {FA6C6C81-B3D2-4B36-ABC3-8F0BD3D944D0}
	EndGlobalSection
EndGlobal
