
Microsoft Visual Studio Solution File, Format Version 12.00
# Visual Studio Version 17
VisualStudioVersion = 17.0.31903.59
MinimumVisualStudioVersion = 10.0.40219.1
Project("{FAE04EC0-301F-11D3-BF4B-00C04F79EFBC}") = "SearchService.API", "SearchService.API\SearchService.API.csproj", "{89088ACC-0985-4536-BA36-49E8E0CF8932}"
EndProject
Project("{FAE04EC0-301F-11D3-BF4B-00C04F79EFBC}") = "SearchService.Application", "SearchService.Application\SearchService.Application.csproj", "{FDE3BA9A-8156-42B0-B96F-EF563992BD96}"
EndProject
Project("{FAE04EC0-301F-11D3-BF4B-00C04F79EFBC}") = "SearchService.Domain", "SearchService.Domain\SearchService.Domain.csproj", "{8368B2DB-2E81-43A1-A8CB-D609AEC85AB7}"
EndProject
Project("{FAE04EC0-301F-11D3-BF4B-00C04F79EFBC}") = "SearchService.Infrastructure", "SearchService.Infrastructure\SearchService.Infrastructure.csproj", "{C8293CAD-0D85-44DE-949C-498E13BDF29A}"
EndProject
Global
	GlobalSection(SolutionConfigurationPlatforms) = preSolution
		Debug|Any CPU = Debug|Any CPU
		Debug|x64 = Debug|x64
		Debug|x86 = Debug|x86
		Release|Any CPU = Release|Any CPU
		Release|x64 = Release|x64
		Release|x86 = Release|x86
	EndGlobalSection
	GlobalSection(ProjectConfigurationPlatforms) = postSolution
		{89088ACC-0985-4536-BA36-49E8E0CF8932}.Debug|Any CPU.ActiveCfg = Debug|Any CPU
		{89088ACC-0985-4536-BA36-49E8E0CF8932}.Debug|Any CPU.Build.0 = Debug|Any CPU
		{89088ACC-0985-4536-BA36-49E8E0CF8932}.Debug|x64.ActiveCfg = Debug|Any CPU
		{89088ACC-0985-4536-BA36-49E8E0CF8932}.Debug|x64.Build.0 = Debug|Any CPU
		{89088ACC-0985-4536-BA36-49E8E0CF8932}.Debug|x86.ActiveCfg = Debug|Any CPU
		{89088ACC-0985-4536-BA36-49E8E0CF8932}.Debug|x86.Build.0 = Debug|Any CPU
		{89088ACC-0985-4536-BA36-49E8E0CF8932}.Release|Any CPU.ActiveCfg = Release|Any CPU
		{89088ACC-0985-4536-BA36-49E8E0CF8932}.Release|Any CPU.Build.0 = Release|Any CPU
		{89088ACC-0985-4536-BA36-49E8E0CF8932}.Release|x64.ActiveCfg = Release|Any CPU
		{89088ACC-0985-4536-BA36-49E8E0CF8932}.Release|x64.Build.0 = Release|Any CPU
		{89088ACC-0985-4536-BA36-49E8E0CF8932}.Release|x86.ActiveCfg = Release|Any CPU
		{89088ACC-0985-4536-BA36-49E8E0CF8932}.Release|x86.Build.0 = Release|Any CPU
		{FDE3BA9A-8156-42B0-B96F-EF563992BD96}.Debug|Any CPU.ActiveCfg = Debug|Any CPU
		{FDE3BA9A-8156-42B0-B96F-EF563992BD96}.Debug|Any CPU.Build.0 = Debug|Any CPU
		{FDE3BA9A-8156-42B0-B96F-EF563992BD96}.Debug|x64.ActiveCfg = Debug|Any CPU
		{FDE3BA9A-8156-42B0-B96F-EF563992BD96}.Debug|x64.Build.0 = Debug|Any CPU
		{FDE3BA9A-8156-42B0-B96F-EF563992BD96}.Debug|x86.ActiveCfg = Debug|Any CPU
		{FDE3BA9A-8156-42B0-B96F-EF563992BD96}.Debug|x86.Build.0 = Debug|Any CPU
		{FDE3BA9A-8156-42B0-B96F-EF563992BD96}.Release|Any CPU.ActiveCfg = Release|Any CPU
		{FDE3BA9A-8156-42B0-B96F-EF563992BD96}.Release|Any CPU.Build.0 = Release|Any CPU
		{FDE3BA9A-8156-42B0-B96F-EF563992BD96}.Release|x64.ActiveCfg = Release|Any CPU
		{FDE3BA9A-8156-42B0-B96F-EF563992BD96}.Release|x64.Build.0 = Release|Any CPU
		{FDE3BA9A-8156-42B0-B96F-EF563992BD96}.Release|x86.ActiveCfg = Release|Any CPU
		{FDE3BA9A-8156-42B0-B96F-EF563992BD96}.Release|x86.Build.0 = Release|Any CPU
		{8368B2DB-2E81-43A1-A8CB-D609AEC85AB7}.Debug|Any CPU.ActiveCfg = Debug|Any CPU
		{8368B2DB-2E81-43A1-A8CB-D609AEC85AB7}.Debug|Any CPU.Build.0 = Debug|Any CPU
		{8368B2DB-2E81-43A1-A8CB-D609AEC85AB7}.Debug|x64.ActiveCfg = Debug|Any CPU
		{8368B2DB-2E81-43A1-A8CB-D609AEC85AB7}.Debug|x64.Build.0 = Debug|Any CPU
		{8368B2DB-2E81-43A1-A8CB-D609AEC85AB7}.Debug|x86.ActiveCfg = Debug|Any CPU
		{8368B2DB-2E81-43A1-A8CB-D609AEC85AB7}.Debug|x86.Build.0 = Debug|Any CPU
		{8368B2DB-2E81-43A1-A8CB-D609AEC85AB7}.Release|Any CPU.ActiveCfg = Release|Any CPU
		{8368B2DB-2E81-43A1-A8CB-D609AEC85AB7}.Release|Any CPU.Build.0 = Release|Any CPU
		{8368B2DB-2E81-43A1-A8CB-D609AEC85AB7}.Release|x64.ActiveCfg = Release|Any CPU
		{8368B2DB-2E81-43A1-A8CB-D609AEC85AB7}.Release|x64.Build.0 = Release|Any CPU
		{8368B2DB-2E81-43A1-A8CB-D609AEC85AB7}.Release|x86.ActiveCfg = Release|Any CPU
		{8368B2DB-2E81-43A1-A8CB-D609AEC85AB7}.Release|x86.Build.0 = Release|Any CPU
		{C8293CAD-0D85-44DE-949C-498E13BDF29A}.Debug|Any CPU.ActiveCfg = Debug|Any CPU
		{C8293CAD-0D85-44DE-949C-498E13BDF29A}.Debug|Any CPU.Build.0 = Debug|Any CPU
		{C8293CAD-0D85-44DE-949C-498E13BDF29A}.Debug|x64.ActiveCfg = Debug|Any CPU
		{C8293CAD-0D85-44DE-949C-498E13BDF29A}.Debug|x64.Build.0 = Debug|Any CPU
		{C8293CAD-0D85-44DE-949C-498E13BDF29A}.Debug|x86.ActiveCfg = Debug|Any CPU
		{C8293CAD-0D85-44DE-949C-498E13BDF29A}.Debug|x86.Build.0 = Debug|Any CPU
		{C8293CAD-0D85-44DE-949C-498E13BDF29A}.Release|Any CPU.ActiveCfg = Release|Any CPU
		{C8293CAD-0D85-44DE-949C-498E13BDF29A}.Release|Any CPU.Build.0 = Release|Any CPU
		{C8293CAD-0D85-44DE-949C-498E13BDF29A}.Release|x64.ActiveCfg = Release|Any CPU
		{C8293CAD-0D85-44DE-949C-498E13BDF29A}.Release|x64.Build.0 = Release|Any CPU
		{C8293CAD-0D85-44DE-949C-498E13BDF29A}.Release|x86.ActiveCfg = Release|Any CPU
		{C8293CAD-0D85-44DE-949C-498E13BDF29A}.Release|x86.Build.0 = Release|Any CPU
	EndGlobalSection
	GlobalSection(SolutionProperties) = preSolution
		HideSolutionNode = FALSE
	EndGlobalSection
EndGlobal
